
Microsoft Visual Studio Solution File, Format Version 12.00
# Visual Studio 2015
Project("{FAE04EC0-301F-11D3-BF4B-00C04F79EFBC}") = "catlikecoding", "catlikecoding.csproj", "{7923B7F0-EC14-C2DC-A0B9-E140A028DE11}"
EndProject
Global
	GlobalSection(SolutionConfigurationPlatforms) = preSolution
		Debug|Any CPU = Debug|Any CPU
		Release|Any CPU = Release|Any CPU
	EndGlobalSection
	GlobalSection(ProjectConfigurationPlatforms) = postSolution
		{7923B7F0-EC14-C2DC-A0B9-E140A028DE11}.Debug|Any CPU.ActiveCfg = Debug|Any CPU
		{7923B7F0-EC14-C2DC-A0B9-E140A028DE11}.Debug|Any CPU.Build.0 = Debug|Any CPU
		{7923B7F0-EC14-C2DC-A0B9-E140A028DE11}.Release|Any CPU.ActiveCfg = Release|Any CPU
		{7923B7F0-EC14-C2DC-A0B9-E140A028DE11}.Release|Any CPU.Build.0 = Release|Any CPU
	EndGlobalSection
	GlobalSection(SolutionProperties) = preSolution
		HideSolutionNode = FALSE
	EndGlobalSection
EndGlobal
